PODS:
  - AutoSelfieIOSLibChallenge (0.1.0)

DEPENDENCIES:
  - AutoSelfieIOSLibChallenge (from `../`)

EXTERNAL SOURCES:
  AutoSelfieIOSLibChallenge:
    :path: "../"

SPEC CHECKSUMS:
  AutoSelfieIOSLibChallenge: bc97819b5512508af8b069022bf14d54aa5d5a08

PODFILE CHECKSUM: 832da70d5a6cc885c4f24f3eb110b506420444de

COCOAPODS: 1.10.1
