PODS:
  - AutoSelfieLibChallenge (0.1.0)

DEPENDENCIES:
  - AutoSelfieLibChallenge (from `../`)

EXTERNAL SOURCES:
  AutoSelfieLibChallenge:
    :path: "../"

SPEC CHECKSUMS:
  AutoSelfieLibChallenge: 0f24100528a490d7ca2015ef96f47fadcbfd5c3b

PODFILE CHECKSUM: 46763a5992aeaf3e70a7252b7efe8c4956e29ee1

COCOAPODS: 1.10.1
