PODS:
  - AutoSelfieIOSLibChallenge (0.1.0)

DEPENDENCIES:
  - AutoSelfieIOSLibChallenge (from `../`)

EXTERNAL SOURCES:
  AutoSelfieIOSLibChallenge:
    :path: "../"

SPEC CHECKSUMS:
  AutoSelfieIOSLibChallenge: 88dba052aebf5d5d0d5ff71d0b00639a60a70d51

PODFILE CHECKSUM: 982859141e5d873f71e786faaf1e9fe7b1604bfb

COCOAPODS: 1.10.1
